
Microsoft Visual Studio Solution File, Format Version 12.00
# Visual Studio Version 17
VisualStudioVersion = 17.4.33213.308
MinimumVisualStudioVersion = 10.0.40219.1
Project("{FAE04EC0-301F-11D3-BF4B-00C04F79EFBC}") = "AspVersioningODataConventionRoutingBug", "AspVersioningODataConventionRoutingBug\AspVersioningODataConventionRoutingBug.csproj", "{3A310AF0-D37C-4349-ABDE-7AE15C4CEC5B}"
EndProject
Global
	GlobalSection(SolutionConfigurationPlatforms) = preSolution
		Debug|Any CPU = Debug|Any CPU
		Release|Any CPU = Release|Any CPU
	EndGlobalSection
	GlobalSection(ProjectConfigurationPlatforms) = postSolution
		{3A310AF0-D37C-4349-ABDE-7AE15C4CEC5B}.Debug|Any CPU.ActiveCfg = Debug|Any CPU
		{3A310AF0-D37C-4349-ABDE-7AE15C4CEC5B}.Debug|Any CPU.Build.0 = Debug|Any CPU
		{3A310AF0-D37C-4349-ABDE-7AE15C4CEC5B}.Release|Any CPU.ActiveCfg = Release|Any CPU
		{3A310AF0-D37C-4349-ABDE-7AE15C4CEC5B}.Release|Any CPU.Build.0 = Release|Any CPU
	EndGlobalSection
	GlobalSection(SolutionProperties) = preSolution
		HideSolutionNode = FALSE
	EndGlobalSection
	GlobalSection(ExtensibilityGlobals) = postSolution
		SolutionGuid = {DBFD5E0A-4ED3-4B95-95BA-9083873BCEBD}
	EndGlobalSection
EndGlobal
